
Microsoft Visual Studio Solution File, Format Version 12.00
# Visual Studio 2013
VisualStudioVersion = 12.0.40629.0
MinimumVisualStudioVersion = 10.0.40219.1
Project("{151D2E53-A2C4-4D7D-83FE-D05416EBD58E}") = "AutoDeploymentToolV3", "AutoDeploymentToolV3\AutoDeploymentToolV3.deployproj", "{8EA73298-AD93-4D7A-9AAA-1722F4FD54EC}"
EndProject
Project("{2150E333-8FDC-42A3-9474-1A3956D46DE8}") = ".nuget", ".nuget", "{C3C0B2C7-9CAF-489D-AFBC-C56318A3B998}"
	ProjectSection(SolutionItems) = preProject
		.nuget\packages.config = .nuget\packages.config
	EndProjectSection
EndProject
Global
	GlobalSection(SolutionConfigurationPlatforms) = preSolution
		Debug|Any CPU = Debug|Any CPU
		Release|Any CPU = Release|Any CPU
	EndGlobalSection
	GlobalSection(ProjectConfigurationPlatforms) = postSolution
		{8EA73298-AD93-4D7A-9AAA-1722F4FD54EC}.Debug|Any CPU.ActiveCfg = Debug|Any CPU
		{8EA73298-AD93-4D7A-9AAA-1722F4FD54EC}.Debug|Any CPU.Build.0 = Debug|Any CPU
		{8EA73298-AD93-4D7A-9AAA-1722F4FD54EC}.Release|Any CPU.ActiveCfg = Release|Any CPU
		{8EA73298-AD93-4D7A-9AAA-1722F4FD54EC}.Release|Any CPU.Build.0 = Release|Any CPU
	EndGlobalSection
	GlobalSection(SolutionProperties) = preSolution
		HideSolutionNode = FALSE
	EndGlobalSection
EndGlobal
