
Microsoft Visual Studio Solution File, Format Version 12.00
# Visual Studio 2013
VisualStudioVersion = 12.0.40629.0
MinimumVisualStudioVersion = 10.0.40219.1
Project("{FAE04EC0-301F-11D3-BF4B-00C04F79EFBC}") = "CRMConnectorAPIApp", "CRMConnectorAPIApp\CRMConnectorAPIApp.csproj", "{86BCDB74-3BBE-4ACD-A514-22B8371E43C1}"
	ProjectSection(ProjectDependencies) = postProject
		{D54A95F8-D9E1-4A06-BC52-B18B316C61E8} = {D54A95F8-D9E1-4A06-BC52-B18B316C61E8}
	EndProjectSection
EndProject
Project("{FAE04EC0-301F-11D3-BF4B-00C04F79EFBC}") = "UnitTestOfCRMConnector", "UnitTestOfCRMConnector\UnitTestOfCRMConnector.csproj", "{4FD0F5FE-717C-4D67-8A26-0DEF71F77797}"
	ProjectSection(ProjectDependencies) = postProject
		{D54A95F8-D9E1-4A06-BC52-B18B316C61E8} = {D54A95F8-D9E1-4A06-BC52-B18B316C61E8}
	EndProjectSection
EndProject
Project("{FAE04EC0-301F-11D3-BF4B-00C04F79EFBC}") = "CRMRestService", "..\Library\CRMRestService\CRMRestService\CRMRestService.csproj", "{D54A95F8-D9E1-4A06-BC52-B18B316C61E8}"
EndProject
Global
	GlobalSection(SolutionConfigurationPlatforms) = preSolution
		Debug|Any CPU = Debug|Any CPU
		Release|Any CPU = Release|Any CPU
	EndGlobalSection
	GlobalSection(ProjectConfigurationPlatforms) = postSolution
		{86BCDB74-3BBE-4ACD-A514-22B8371E43C1}.Debug|Any CPU.ActiveCfg = Debug|Any CPU
		{86BCDB74-3BBE-4ACD-A514-22B8371E43C1}.Debug|Any CPU.Build.0 = Debug|Any CPU
		{86BCDB74-3BBE-4ACD-A514-22B8371E43C1}.Release|Any CPU.ActiveCfg = Release|Any CPU
		{86BCDB74-3BBE-4ACD-A514-22B8371E43C1}.Release|Any CPU.Build.0 = Release|Any CPU
		{4FD0F5FE-717C-4D67-8A26-0DEF71F77797}.Debug|Any CPU.ActiveCfg = Debug|Any CPU
		{4FD0F5FE-717C-4D67-8A26-0DEF71F77797}.Debug|Any CPU.Build.0 = Debug|Any CPU
		{4FD0F5FE-717C-4D67-8A26-0DEF71F77797}.Release|Any CPU.ActiveCfg = Release|Any CPU
		{4FD0F5FE-717C-4D67-8A26-0DEF71F77797}.Release|Any CPU.Build.0 = Release|Any CPU
		{D54A95F8-D9E1-4A06-BC52-B18B316C61E8}.Debug|Any CPU.ActiveCfg = Debug|Any CPU
		{D54A95F8-D9E1-4A06-BC52-B18B316C61E8}.Debug|Any CPU.Build.0 = Debug|Any CPU
		{D54A95F8-D9E1-4A06-BC52-B18B316C61E8}.Release|Any CPU.ActiveCfg = Release|Any CPU
		{D54A95F8-D9E1-4A06-BC52-B18B316C61E8}.Release|Any CPU.Build.0 = Release|Any CPU
	EndGlobalSection
	GlobalSection(SolutionProperties) = preSolution
		HideSolutionNode = FALSE
	EndGlobalSection
EndGlobal
